
Microsoft Visual Studio Solution File, Format Version 12.00
# Visual Studio 15
VisualStudioVersion = 15.0.26430.6
MinimumVisualStudioVersion = 10.0.40219.1
Project("{FAE04EC0-301F-11D3-BF4B-00C04F79EFBC}") = "BooksProcessor", "BooksProcessor\BooksProcessor.csproj", "{3ED2D36C-1495-4105-BF64-3FD4297D51D6}"
EndProject
Project("{FAE04EC0-301F-11D3-BF4B-00C04F79EFBC}") = "BooksProcessor.ConsoleApp", "BooksProcessor.ConsoleApp\BooksProcessor.ConsoleApp.csproj", "{A1952E1E-939D-4711-A5FC-48CA5EB0F5E3}"
EndProject
Global
	GlobalSection(SolutionConfigurationPlatforms) = preSolution
		Debug|Any CPU = Debug|Any CPU
		Release|Any CPU = Release|Any CPU
	EndGlobalSection
	GlobalSection(ProjectConfigurationPlatforms) = postSolution
		{3ED2D36C-1495-4105-BF64-3FD4297D51D6}.Debug|Any CPU.ActiveCfg = Debug|Any CPU
		{3ED2D36C-1495-4105-BF64-3FD4297D51D6}.Debug|Any CPU.Build.0 = Debug|Any CPU
		{3ED2D36C-1495-4105-BF64-3FD4297D51D6}.Release|Any CPU.ActiveCfg = Release|Any CPU
		{3ED2D36C-1495-4105-BF64-3FD4297D51D6}.Release|Any CPU.Build.0 = Release|Any CPU
		{A1952E1E-939D-4711-A5FC-48CA5EB0F5E3}.Debug|Any CPU.ActiveCfg = Debug|Any CPU
		{A1952E1E-939D-4711-A5FC-48CA5EB0F5E3}.Debug|Any CPU.Build.0 = Debug|Any CPU
		{A1952E1E-939D-4711-A5FC-48CA5EB0F5E3}.Release|Any CPU.ActiveCfg = Release|Any CPU
		{A1952E1E-939D-4711-A5FC-48CA5EB0F5E3}.Release|Any CPU.Build.0 = Release|Any CPU
	EndGlobalSection
	GlobalSection(SolutionProperties) = preSolution
		HideSolutionNode = FALSE
	EndGlobalSection
EndGlobal
